
Microsoft Visual Studio Solution File, Format Version 12.00
# Visual Studio 14
VisualStudioVersion = 14.0.25420.1
MinimumVisualStudioVersion = 10.0.40219.1
Project("{FAE04EC0-301F-11D3-BF4B-00C04F79EFBC}") = "App1", "App1\App1\App1.csproj", "{C6C56A7D-A383-4785-8B09-7E5933BB14F9}"
EndProject
Project("{FAE04EC0-301F-11D3-BF4B-00C04F79EFBC}") = "App1.Droid", "App1\App1.Droid\App1.Droid.csproj", "{6BCB0ADE-DAF8-4950-BF28-7466DB45500E}"
EndProject
Project("{FAE04EC0-301F-11D3-BF4B-00C04F79EFBC}") = "App1.iOS", "App1\App1.iOS\App1.iOS.csproj", "{58526E0A-1805-4B6B-B42E-8E9077B18F86}"
EndProject
Project("{FAE04EC0-301F-11D3-BF4B-00C04F79EFBC}") = "App1.WinPhone", "App1\App1.WinPhone\App1.WinPhone.csproj", "{ECF9AA7F-7EEA-4D09-AF6F-931E4B290403}"
EndProject
Project("{FAE04EC0-301F-11D3-BF4B-00C04F79EFBC}") = "App1.Windows", "App1\App1.Windows\App1.Windows.csproj", "{9440073E-A78A-439E-BABC-2AEC6D9ED9F6}"
EndProject
Global
	GlobalSection(SolutionConfigurationPlatforms) = preSolution
		Ad-Hoc|Any CPU = Ad-Hoc|Any CPU
		Ad-Hoc|ARM = Ad-Hoc|ARM
		Ad-Hoc|iPhone = Ad-Hoc|iPhone
		Ad-Hoc|iPhoneSimulator = Ad-Hoc|iPhoneSimulator
		Ad-Hoc|x64 = Ad-Hoc|x64
		Ad-Hoc|x86 = Ad-Hoc|x86
		AppStore|Any CPU = AppStore|Any CPU
		AppStore|ARM = AppStore|ARM
		AppStore|iPhone = AppStore|iPhone
		AppStore|iPhoneSimulator = AppStore|iPhoneSimulator
		AppStore|x64 = AppStore|x64
		AppStore|x86 = AppStore|x86
		Debug|Any CPU = Debug|Any CPU
		Debug|ARM = Debug|ARM
		Debug|iPhone = Debug|iPhone
		Debug|iPhoneSimulator = Debug|iPhoneSimulator
		Debug|x64 = Debug|x64
		Debug|x86 = Debug|x86
		Release|Any CPU = Release|Any CPU
		Release|ARM = Release|ARM
		Release|iPhone = Release|iPhone
		Release|iPhoneSimulator = Release|iPhoneSimulator
		Release|x64 = Release|x64
		Release|x86 = Release|x86
	EndGlobalSection
	GlobalSection(ProjectConfigurationPlatforms) = postSolution
		{C6C56A7D-A383-4785-8B09-7E5933BB14F9}.Ad-Hoc|Any CPU.ActiveCfg = Release|Any CPU
		{C6C56A7D-A383-4785-8B09-7E5933BB14F9}.Ad-Hoc|Any CPU.Build.0 = Release|Any CPU
		{C6C56A7D-A383-4785-8B09-7E5933BB14F9}.Ad-Hoc|ARM.ActiveCfg = Release|Any CPU
		{C6C56A7D-A383-4785-8B09-7E5933BB14F9}.Ad-Hoc|ARM.Build.0 = Release|Any CPU
		{C6C56A7D-A383-4785-8B09-7E5933BB14F9}.Ad-Hoc|iPhone.ActiveCfg = Release|Any CPU
		{C6C56A7D-A383-4785-8B09-7E5933BB14F9}.Ad-Hoc|iPhone.Build.0 = Release|Any CPU
		{C6C56A7D-A383-4785-8B09-7E5933BB14F9}.Ad-Hoc|iPhoneSimulator.ActiveCfg = Release|Any CPU
		{C6C56A7D-A383-4785-8B09-7E5933BB14F9}.Ad-Hoc|iPhoneSimulator.Build.0 = Release|Any CPU
		{C6C56A7D-A383-4785-8B09-7E5933BB14F9}.Ad-Hoc|x64.ActiveCfg = Release|Any CPU
		{C6C56A7D-A383-4785-8B09-7E5933BB14F9}.Ad-Hoc|x64.Build.0 = Release|Any CPU
		{C6C56A7D-A383-4785-8B09-7E5933BB14F9}.Ad-Hoc|x86.ActiveCfg = Release|Any CPU
		{C6C56A7D-A383-4785-8B09-7E5933BB14F9}.Ad-Hoc|x86.Build.0 = Release|Any CPU
		{C6C56A7D-A383-4785-8B09-7E5933BB14F9}.AppStore|Any CPU.ActiveCfg = Release|Any CPU
		{C6C56A7D-A383-4785-8B09-7E5933BB14F9}.AppStore|Any CPU.Build.0 = Release|Any CPU
		{C6C56A7D-A383-4785-8B09-7E5933BB14F9}.AppStore|ARM.ActiveCfg = Release|Any CPU
		{C6C56A7D-A383-4785-8B09-7E5933BB14F9}.AppStore|ARM.Build.0 = Release|Any CPU
		{C6C56A7D-A383-4785-8B09-7E5933BB14F9}.AppStore|iPhone.ActiveCfg = Release|Any CPU
		{C6C56A7D-A383-4785-8B09-7E5933BB14F9}.AppStore|iPhone.Build.0 = Release|Any CPU
		{C6C56A7D-A383-4785-8B09-7E5933BB14F9}.AppStore|iPhoneSimulator.ActiveCfg = Release|Any CPU
		{C6C56A7D-A383-4785-8B09-7E5933BB14F9}.AppStore|iPhoneSimulator.Build.0 = Release|Any CPU
		{C6C56A7D-A383-4785-8B09-7E5933BB14F9}.AppStore|x64.ActiveCfg = Release|Any CPU
		{C6C56A7D-A383-4785-8B09-7E5933BB14F9}.AppStore|x64.Build.0 = Release|Any CPU
		{C6C56A7D-A383-4785-8B09-7E5933BB14F9}.AppStore|x86.ActiveCfg = Release|Any CPU
		{C6C56A7D-A383-4785-8B09-7E5933BB14F9}.AppStore|x86.Build.0 = Release|Any CPU
		{C6C56A7D-A383-4785-8B09-7E5933BB14F9}.Debug|Any CPU.ActiveCfg = Debug|Any CPU
		{C6C56A7D-A383-4785-8B09-7E5933BB14F9}.Debug|Any CPU.Build.0 = Debug|Any CPU
		{C6C56A7D-A383-4785-8B09-7E5933BB14F9}.Debug|ARM.ActiveCfg = Debug|Any CPU
		{C6C56A7D-A383-4785-8B09-7E5933BB14F9}.Debug|ARM.Build.0 = Debug|Any CPU
		{C6C56A7D-A383-4785-8B09-7E5933BB14F9}.Debug|iPhone.ActiveCfg = Debug|Any CPU
		{C6C56A7D-A383-4785-8B09-7E5933BB14F9}.Debug|iPhone.Build.0 = Debug|Any CPU
		{C6C56A7D-A383-4785-8B09-7E5933BB14F9}.Debug|iPhoneSimulator.ActiveCfg = Debug|Any CPU
		{C6C56A7D-A383-4785-8B09-7E5933BB14F9}.Debug|iPhoneSimulator.Build.0 = Debug|Any CPU
		{C6C56A7D-A383-4785-8B09-7E5933BB14F9}.Debug|x64.ActiveCfg = Debug|Any CPU
		{C6C56A7D-A383-4785-8B09-7E5933BB14F9}.Debug|x64.Build.0 = Debug|Any CPU
		{C6C56A7D-A383-4785-8B09-7E5933BB14F9}.Debug|x86.ActiveCfg = Debug|Any CPU
		{C6C56A7D-A383-4785-8B09-7E5933BB14F9}.Debug|x86.Build.0 = Debug|Any CPU
		{C6C56A7D-A383-4785-8B09-7E5933BB14F9}.Release|Any CPU.ActiveCfg = Release|Any CPU
		{C6C56A7D-A383-4785-8B09-7E5933BB14F9}.Release|Any CPU.Build.0 = Release|Any CPU
		{C6C56A7D-A383-4785-8B09-7E5933BB14F9}.Release|ARM.ActiveCfg = Release|Any CPU
		{C6C56A7D-A383-4785-8B09-7E5933BB14F9}.Release|ARM.Build.0 = Release|Any CPU
		{C6C56A7D-A383-4785-8B09-7E5933BB14F9}.Release|iPhone.ActiveCfg = Release|Any CPU
		{C6C56A7D-A383-4785-8B09-7E5933BB14F9}.Release|iPhone.Build.0 = Release|Any CPU
		{C6C56A7D-A383-4785-8B09-7E5933BB14F9}.Release|iPhoneSimulator.ActiveCfg = Release|Any CPU
		{C6C56A7D-A383-4785-8B09-7E5933BB14F9}.Release|iPhoneSimulator.Build.0 = Release|Any CPU
		{C6C56A7D-A383-4785-8B09-7E5933BB14F9}.Release|x64.ActiveCfg = Release|Any CPU
		{C6C56A7D-A383-4785-8B09-7E5933BB14F9}.Release|x64.Build.0 = Release|Any CPU
		{C6C56A7D-A383-4785-8B09-7E5933BB14F9}.Release|x86.ActiveCfg = Release|Any CPU
		{C6C56A7D-A383-4785-8B09-7E5933BB14F9}.Release|x86.Build.0 = Release|Any CPU
		{6BCB0ADE-DAF8-4950-BF28-7466DB45500E}.Ad-Hoc|Any CPU.ActiveCfg = Release|Any CPU
		{6BCB0ADE-DAF8-4950-BF28-7466DB45500E}.Ad-Hoc|Any CPU.Build.0 = Release|Any CPU
		{6BCB0ADE-DAF8-4950-BF28-7466DB45500E}.Ad-Hoc|Any CPU.Deploy.0 = Release|Any CPU
		{6BCB0ADE-DAF8-4950-BF28-7466DB45500E}.Ad-Hoc|ARM.ActiveCfg = Release|Any CPU
		{6BCB0ADE-DAF8-4950-BF28-7466DB45500E}.Ad-Hoc|ARM.Build.0 = Release|Any CPU
		{6BCB0ADE-DAF8-4950-BF28-7466DB45500E}.Ad-Hoc|ARM.Deploy.0 = Release|Any CPU
		{6BCB0ADE-DAF8-4950-BF28-7466DB45500E}.Ad-Hoc|iPhone.ActiveCfg = Release|Any CPU
		{6BCB0ADE-DAF8-4950-BF28-7466DB45500E}.Ad-Hoc|iPhone.Build.0 = Release|Any CPU
		{6BCB0ADE-DAF8-4950-BF28-7466DB45500E}.Ad-Hoc|iPhone.Deploy.0 = Release|Any CPU
		{6BCB0ADE-DAF8-4950-BF28-7466DB45500E}.Ad-Hoc|iPhoneSimulator.ActiveCfg = Release|Any CPU
		{6BCB0ADE-DAF8-4950-BF28-7466DB45500E}.Ad-Hoc|iPhoneSimulator.Build.0 = Release|Any CPU
		{6BCB0ADE-DAF8-4950-BF28-7466DB45500E}.Ad-Hoc|iPhoneSimulator.Deploy.0 = Release|Any CPU
		{6BCB0ADE-DAF8-4950-BF28-7466DB45500E}.Ad-Hoc|x64.ActiveCfg = Release|Any CPU
		{6BCB0ADE-DAF8-4950-BF28-7466DB45500E}.Ad-Hoc|x64.Build.0 = Release|Any CPU
		{6BCB0ADE-DAF8-4950-BF28-7466DB45500E}.Ad-Hoc|x64.Deploy.0 = Release|Any CPU
		{6BCB0ADE-DAF8-4950-BF28-7466DB45500E}.Ad-Hoc|x86.ActiveCfg = Release|Any CPU
		{6BCB0ADE-DAF8-4950-BF28-7466DB45500E}.Ad-Hoc|x86.Build.0 = Release|Any CPU
		{6BCB0ADE-DAF8-4950-BF28-7466DB45500E}.Ad-Hoc|x86.Deploy.0 = Release|Any CPU
		{6BCB0ADE-DAF8-4950-BF28-7466DB45500E}.AppStore|Any CPU.ActiveCfg = Release|Any CPU
		{6BCB0ADE-DAF8-4950-BF28-7466DB45500E}.AppStore|Any CPU.Build.0 = Release|Any CPU
		{6BCB0ADE-DAF8-4950-BF28-7466DB45500E}.AppStore|Any CPU.Deploy.0 = Release|Any CPU
		{6BCB0ADE-DAF8-4950-BF28-7466DB45500E}.AppStore|ARM.ActiveCfg = Release|Any CPU
		{6BCB0ADE-DAF8-4950-BF28-7466DB45500E}.AppStore|ARM.Build.0 = Release|Any CPU
		{6BCB0ADE-DAF8-4950-BF28-7466DB45500E}.AppStore|ARM.Deploy.0 = Release|Any CPU
		{6BCB0ADE-DAF8-4950-BF28-7466DB45500E}.AppStore|iPhone.ActiveCfg = Release|Any CPU
		{6BCB0ADE-DAF8-4950-BF28-7466DB45500E}.AppStore|iPhone.Build.0 = Release|Any CPU
		{6BCB0ADE-DAF8-4950-BF28-7466DB45500E}.AppStore|iPhone.Deploy.0 = Release|Any CPU
		{6BCB0ADE-DAF8-4950-BF28-7466DB45500E}.AppStore|iPhoneSimulator.ActiveCfg = Release|Any CPU
		{6BCB0ADE-DAF8-4950-BF28-7466DB45500E}.AppStore|iPhoneSimulator.Build.0 = Release|Any CPU
		{6BCB0ADE-DAF8-4950-BF28-7466DB45500E}.AppStore|iPhoneSimulator.Deploy.0 = Release|Any CPU
		{6BCB0ADE-DAF8-4950-BF28-7466DB45500E}.AppStore|x64.ActiveCfg = Release|Any CPU
		{6BCB0ADE-DAF8-4950-BF28-7466DB45500E}.AppStore|x64.Build.0 = Release|Any CPU
		{6BCB0ADE-DAF8-4950-BF28-7466DB45500E}.AppStore|x64.Deploy.0 = Release|Any CPU
		{6BCB0ADE-DAF8-4950-BF28-7466DB45500E}.AppStore|x86.ActiveCfg = Release|Any CPU
		{6BCB0ADE-DAF8-4950-BF28-7466DB45500E}.AppStore|x86.Build.0 = Release|Any CPU
		{6BCB0ADE-DAF8-4950-BF28-7466DB45500E}.AppStore|x86.Deploy.0 = Release|Any CPU
		{6BCB0ADE-DAF8-4950-BF28-7466DB45500E}.Debug|Any CPU.ActiveCfg = Debug|Any CPU
		{6BCB0ADE-DAF8-4950-BF28-7466DB45500E}.Debug|Any CPU.Build.0 = Debug|Any CPU
		{6BCB0ADE-DAF8-4950-BF28-7466DB45500E}.Debug|Any CPU.Deploy.0 = Debug|Any CPU
		{6BCB0ADE-DAF8-4950-BF28-7466DB45500E}.Debug|ARM.ActiveCfg = Debug|Any CPU
		{6BCB0ADE-DAF8-4950-BF28-7466DB45500E}.Debug|ARM.Build.0 = Debug|Any CPU
		{6BCB0ADE-DAF8-4950-BF28-7466DB45500E}.Debug|ARM.Deploy.0 = Debug|Any CPU
		{6BCB0ADE-DAF8-4950-BF28-7466DB45500E}.Debug|iPhone.ActiveCfg = Debug|Any CPU
		{6BCB0ADE-DAF8-4950-BF28-7466DB45500E}.Debug|iPhone.Build.0 = Debug|Any CPU
		{6BCB0ADE-DAF8-4950-BF28-7466DB45500E}.Debug|iPhone.Deploy.0 = Debug|Any CPU
		{6BCB0ADE-DAF8-4950-BF28-7466DB45500E}.Debug|iPhoneSimulator.ActiveCfg = Debug|Any CPU
		{6BCB0ADE-DAF8-4950-BF28-7466DB45500E}.Debug|iPhoneSimulator.Build.0 = Debug|Any CPU
		{6BCB0ADE-DAF8-4950-BF28-7466DB45500E}.Debug|iPhoneSimulator.Deploy.0 = Debug|Any CPU
		{6BCB0ADE-DAF8-4950-BF28-7466DB45500E}.Debug|x64.ActiveCfg = Debug|Any CPU
		{6BCB0ADE-DAF8-4950-BF28-7466DB45500E}.Debug|x64.Build.0 = Debug|Any CPU
		{6BCB0ADE-DAF8-4950-BF28-7466DB45500E}.Debug|x64.Deploy.0 = Debug|Any CPU
		{6BCB0ADE-DAF8-4950-BF28-7466DB45500E}.Debug|x86.ActiveCfg = Debug|Any CPU
		{6BCB0ADE-DAF8-4950-BF28-7466DB45500E}.Debug|x86.Build.0 = Debug|Any CPU
		{6BCB0ADE-DAF8-4950-BF28-7466DB45500E}.Debug|x86.Deploy.0 = Debug|Any CPU
		{6BCB0ADE-DAF8-4950-BF28-7466DB45500E}.Release|Any CPU.ActiveCfg = Release|Any CPU
		{6BCB0ADE-DAF8-4950-BF28-7466DB45500E}.Release|Any CPU.Build.0 = Release|Any CPU
		{6BCB0ADE-DAF8-4950-BF28-7466DB45500E}.Release|Any CPU.Deploy.0 = Release|Any CPU
		{6BCB0ADE-DAF8-4950-BF28-7466DB45500E}.Release|ARM.ActiveCfg = Release|Any CPU
		{6BCB0ADE-DAF8-4950-BF28-7466DB45500E}.Release|ARM.Build.0 = Release|Any CPU
		{6BCB0ADE-DAF8-4950-BF28-7466DB45500E}.Release|ARM.Deploy.0 = Release|Any CPU
		{6BCB0ADE-DAF8-4950-BF28-7466DB45500E}.Release|iPhone.ActiveCfg = Release|Any CPU
		{6BCB0ADE-DAF8-4950-BF28-7466DB45500E}.Release|iPhone.Build.0 = Release|Any CPU
		{6BCB0ADE-DAF8-4950-BF28-7466DB45500E}.Release|iPhone.Deploy.0 = Release|Any CPU
		{6BCB0ADE-DAF8-4950-BF28-7466DB45500E}.Release|iPhoneSimulator.ActiveCfg = Release|Any CPU
		{6BCB0ADE-DAF8-4950-BF28-7466DB45500E}.Release|iPhoneSimulator.Build.0 = Release|Any CPU
		{6BCB0ADE-DAF8-4950-BF28-7466DB45500E}.Release|iPhoneSimulator.Deploy.0 = Release|Any CPU
		{6BCB0ADE-DAF8-4950-BF28-7466DB45500E}.Release|x64.ActiveCfg = Release|Any CPU
		{6BCB0ADE-DAF8-4950-BF28-7466DB45500E}.Release|x64.Build.0 = Release|Any CPU
		{6BCB0ADE-DAF8-4950-BF28-7466DB45500E}.Release|x64.Deploy.0 = Release|Any CPU
		{6BCB0ADE-DAF8-4950-BF28-7466DB45500E}.Release|x86.ActiveCfg = Release|Any CPU
		{6BCB0ADE-DAF8-4950-BF28-7466DB45500E}.Release|x86.Build.0 = Release|Any CPU
		{6BCB0ADE-DAF8-4950-BF28-7466DB45500E}.Release|x86.Deploy.0 = Release|Any CPU
		{58526E0A-1805-4B6B-B42E-8E9077B18F86}.Ad-Hoc|Any CPU.ActiveCfg = Ad-Hoc|iPhone
		{58526E0A-1805-4B6B-B42E-8E9077B18F86}.Ad-Hoc|ARM.ActiveCfg = Ad-Hoc|iPhone
		{58526E0A-1805-4B6B-B42E-8E9077B18F86}.Ad-Hoc|iPhone.ActiveCfg = Ad-Hoc|iPhone
		{58526E0A-1805-4B6B-B42E-8E9077B18F86}.Ad-Hoc|iPhone.Build.0 = Ad-Hoc|iPhone
		{58526E0A-1805-4B6B-B42E-8E9077B18F86}.Ad-Hoc|iPhoneSimulator.ActiveCfg = Ad-Hoc|iPhoneSimulator
		{58526E0A-1805-4B6B-B42E-8E9077B18F86}.Ad-Hoc|iPhoneSimulator.Build.0 = Ad-Hoc|iPhoneSimulator
		{58526E0A-1805-4B6B-B42E-8E9077B18F86}.Ad-Hoc|x64.ActiveCfg = Ad-Hoc|iPhone
		{58526E0A-1805-4B6B-B42E-8E9077B18F86}.Ad-Hoc|x86.ActiveCfg = Ad-Hoc|iPhone
		{58526E0A-1805-4B6B-B42E-8E9077B18F86}.AppStore|Any CPU.ActiveCfg = AppStore|iPhone
		{58526E0A-1805-4B6B-B42E-8E9077B18F86}.AppStore|ARM.ActiveCfg = AppStore|iPhone
		{58526E0A-1805-4B6B-B42E-8E9077B18F86}.AppStore|iPhone.ActiveCfg = AppStore|iPhone
		{58526E0A-1805-4B6B-B42E-8E9077B18F86}.AppStore|iPhone.Build.0 = AppStore|iPhone
		{58526E0A-1805-4B6B-B42E-8E9077B18F86}.AppStore|iPhoneSimulator.ActiveCfg = AppStore|iPhoneSimulator
		{58526E0A-1805-4B6B-B42E-8E9077B18F86}.AppStore|iPhoneSimulator.Build.0 = AppStore|iPhoneSimulator
		{58526E0A-1805-4B6B-B42E-8E9077B18F86}.AppStore|x64.ActiveCfg = AppStore|iPhone
		{58526E0A-1805-4B6B-B42E-8E9077B18F86}.AppStore|x86.ActiveCfg = AppStore|iPhone
		{58526E0A-1805-4B6B-B42E-8E9077B18F86}.Debug|Any CPU.ActiveCfg = Debug|iPhone
		{58526E0A-1805-4B6B-B42E-8E9077B18F86}.Debug|ARM.ActiveCfg = Debug|iPhone
		{58526E0A-1805-4B6B-B42E-8E9077B18F86}.Debug|iPhone.ActiveCfg = Debug|iPhone
		{58526E0A-1805-4B6B-B42E-8E9077B18F86}.Debug|iPhone.Build.0 = Debug|iPhone
		{58526E0A-1805-4B6B-B42E-8E9077B18F86}.Debug|iPhoneSimulator.ActiveCfg = Debug|iPhoneSimulator
		{58526E0A-1805-4B6B-B42E-8E9077B18F86}.Debug|iPhoneSimulator.Build.0 = Debug|iPhoneSimulator
		{58526E0A-1805-4B6B-B42E-8E9077B18F86}.Debug|x64.ActiveCfg = Debug|iPhone
		{58526E0A-1805-4B6B-B42E-8E9077B18F86}.Debug|x86.ActiveCfg = Debug|iPhone
		{58526E0A-1805-4B6B-B42E-8E9077B18F86}.Release|Any CPU.ActiveCfg = Release|iPhone
		{58526E0A-1805-4B6B-B42E-8E9077B18F86}.Release|ARM.ActiveCfg = Release|iPhone
		{58526E0A-1805-4B6B-B42E-8E9077B18F86}.Release|iPhone.ActiveCfg = Release|iPhone
		{58526E0A-1805-4B6B-B42E-8E9077B18F86}.Release|iPhone.Build.0 = Release|iPhone
		{58526E0A-1805-4B6B-B42E-8E9077B18F86}.Release|iPhoneSimulator.ActiveCfg = Release|iPhoneSimulator
		{58526E0A-1805-4B6B-B42E-8E9077B18F86}.Release|iPhoneSimulator.Build.0 = Release|iPhoneSimulator
		{58526E0A-1805-4B6B-B42E-8E9077B18F86}.Release|x64.ActiveCfg = Release|iPhone
		{58526E0A-1805-4B6B-B42E-8E9077B18F86}.Release|x86.ActiveCfg = Release|iPhone
		{ECF9AA7F-7EEA-4D09-AF6F-931E4B290403}.Ad-Hoc|Any CPU.ActiveCfg = Release|Any CPU
		{ECF9AA7F-7EEA-4D09-AF6F-931E4B290403}.Ad-Hoc|Any CPU.Build.0 = Release|Any CPU
		{ECF9AA7F-7EEA-4D09-AF6F-931E4B290403}.Ad-Hoc|Any CPU.Deploy.0 = Release|Any CPU
		{ECF9AA7F-7EEA-4D09-AF6F-931E4B290403}.Ad-Hoc|ARM.ActiveCfg = Release|ARM
		{ECF9AA7F-7EEA-4D09-AF6F-931E4B290403}.Ad-Hoc|ARM.Build.0 = Release|ARM
		{ECF9AA7F-7EEA-4D09-AF6F-931E4B290403}.Ad-Hoc|ARM.Deploy.0 = Release|ARM
		{ECF9AA7F-7EEA-4D09-AF6F-931E4B290403}.Ad-Hoc|iPhone.ActiveCfg = Release|Any CPU
		{ECF9AA7F-7EEA-4D09-AF6F-931E4B290403}.Ad-Hoc|iPhone.Build.0 = Release|Any CPU
		{ECF9AA7F-7EEA-4D09-AF6F-931E4B290403}.Ad-Hoc|iPhone.Deploy.0 = Release|Any CPU
		{ECF9AA7F-7EEA-4D09-AF6F-931E4B290403}.Ad-Hoc|iPhoneSimulator.ActiveCfg = Release|Any CPU
		{ECF9AA7F-7EEA-4D09-AF6F-931E4B290403}.Ad-Hoc|iPhoneSimulator.Build.0 = Release|Any CPU
		{ECF9AA7F-7EEA-4D09-AF6F-931E4B290403}.Ad-Hoc|iPhoneSimulator.Deploy.0 = Release|Any CPU
		{ECF9AA7F-7EEA-4D09-AF6F-931E4B290403}.Ad-Hoc|x64.ActiveCfg = Release|Any CPU
		{ECF9AA7F-7EEA-4D09-AF6F-931E4B290403}.Ad-Hoc|x64.Build.0 = Release|Any CPU
		{ECF9AA7F-7EEA-4D09-AF6F-931E4B290403}.Ad-Hoc|x64.Deploy.0 = Release|Any CPU
		{ECF9AA7F-7EEA-4D09-AF6F-931E4B290403}.Ad-Hoc|x86.ActiveCfg = Release|x86
		{ECF9AA7F-7EEA-4D09-AF6F-931E4B290403}.Ad-Hoc|x86.Build.0 = Release|x86
		{ECF9AA7F-7EEA-4D09-AF6F-931E4B290403}.Ad-Hoc|x86.Deploy.0 = Release|x86
		{ECF9AA7F-7EEA-4D09-AF6F-931E4B290403}.AppStore|Any CPU.ActiveCfg = Release|Any CPU
		{ECF9AA7F-7EEA-4D09-AF6F-931E4B290403}.AppStore|Any CPU.Build.0 = Release|Any CPU
		{ECF9AA7F-7EEA-4D09-AF6F-931E4B290403}.AppStore|Any CPU.Deploy.0 = Release|Any CPU
		{ECF9AA7F-7EEA-4D09-AF6F-931E4B290403}.AppStore|ARM.ActiveCfg = Release|ARM
		{ECF9AA7F-7EEA-4D09-AF6F-931E4B290403}.AppStore|ARM.Build.0 = Release|ARM
		{ECF9AA7F-7EEA-4D09-AF6F-931E4B290403}.AppStore|ARM.Deploy.0 = Release|ARM
		{ECF9AA7F-7EEA-4D09-AF6F-931E4B290403}.AppStore|iPhone.ActiveCfg = Release|Any CPU
		{ECF9AA7F-7EEA-4D09-AF6F-931E4B290403}.AppStore|iPhone.Build.0 = Release|Any CPU
		{ECF9AA7F-7EEA-4D09-AF6F-931E4B290403}.AppStore|iPhone.Deploy.0 = Release|Any CPU
		{ECF9AA7F-7EEA-4D09-AF6F-931E4B290403}.AppStore|iPhoneSimulator.ActiveCfg = Release|Any CPU
		{ECF9AA7F-7EEA-4D09-AF6F-931E4B290403}.AppStore|iPhoneSimulator.Build.0 = Release|Any CPU
		{ECF9AA7F-7EEA-4D09-AF6F-931E4B290403}.AppStore|iPhoneSimulator.Deploy.0 = Release|Any CPU
		{ECF9AA7F-7EEA-4D09-AF6F-931E4B290403}.AppStore|x64.ActiveCfg = Release|Any CPU
		{ECF9AA7F-7EEA-4D09-AF6F-931E4B290403}.AppStore|x64.Build.0 = Release|Any CPU
		{ECF9AA7F-7EEA-4D09-AF6F-931E4B290403}.AppStore|x64.Deploy.0 = Release|Any CPU
		{ECF9AA7F-7EEA-4D09-AF6F-931E4B290403}.AppStore|x86.ActiveCfg = Release|x86
		{ECF9AA7F-7EEA-4D09-AF6F-931E4B290403}.AppStore|x86.Build.0 = Release|x86
		{ECF9AA7F-7EEA-4D09-AF6F-931E4B290403}.AppStore|x86.Deploy.0 = Release|x86
		{ECF9AA7F-7EEA-4D09-AF6F-931E4B290403}.Debug|Any CPU.ActiveCfg = Debug|Any CPU
		{ECF9AA7F-7EEA-4D09-AF6F-931E4B290403}.Debug|Any CPU.Build.0 = Debug|Any CPU
		{ECF9AA7F-7EEA-4D09-AF6F-931E4B290403}.Debug|Any CPU.Deploy.0 = Debug|Any CPU
		{ECF9AA7F-7EEA-4D09-AF6F-931E4B290403}.Debug|ARM.ActiveCfg = Debug|ARM
		{ECF9AA7F-7EEA-4D09-AF6F-931E4B290403}.Debug|ARM.Build.0 = Debug|ARM
		{ECF9AA7F-7EEA-4D09-AF6F-931E4B290403}.Debug|ARM.Deploy.0 = Debug|ARM
		{ECF9AA7F-7EEA-4D09-AF6F-931E4B290403}.Debug|iPhone.ActiveCfg = Debug|Any CPU
		{ECF9AA7F-7EEA-4D09-AF6F-931E4B290403}.Debug|iPhone.Build.0 = Debug|Any CPU
		{ECF9AA7F-7EEA-4D09-AF6F-931E4B290403}.Debug|iPhone.Deploy.0 = Debug|Any CPU
		{ECF9AA7F-7EEA-4D09-AF6F-931E4B290403}.Debug|iPhoneSimulator.ActiveCfg = Debug|Any CPU
		{ECF9AA7F-7EEA-4D09-AF6F-931E4B290403}.Debug|iPhoneSimulator.Build.0 = Debug|Any CPU
		{ECF9AA7F-7EEA-4D09-AF6F-931E4B290403}.Debug|iPhoneSimulator.Deploy.0 = Debug|Any CPU
		{ECF9AA7F-7EEA-4D09-AF6F-931E4B290403}.Debug|x64.ActiveCfg = Debug|Any CPU
		{ECF9AA7F-7EEA-4D09-AF6F-931E4B290403}.Debug|x64.Build.0 = Debug|Any CPU
		{ECF9AA7F-7EEA-4D09-AF6F-931E4B290403}.Debug|x64.Deploy.0 = Debug|Any CPU
		{ECF9AA7F-7EEA-4D09-AF6F-931E4B290403}.Debug|x86.ActiveCfg = Debug|x86
		{ECF9AA7F-7EEA-4D09-AF6F-931E4B290403}.Debug|x86.Build.0 = Debug|x86
		{ECF9AA7F-7EEA-4D09-AF6F-931E4B290403}.Debug|x86.Deploy.0 = Debug|x86
		{ECF9AA7F-7EEA-4D09-AF6F-931E4B290403}.Release|Any CPU.ActiveCfg = Release|Any CPU
		{ECF9AA7F-7EEA-4D09-AF6F-931E4B290403}.Release|Any CPU.Build.0 = Release|Any CPU
		{ECF9AA7F-7EEA-4D09-AF6F-931E4B290403}.Release|Any CPU.Deploy.0 = Release|Any CPU
		{ECF9AA7F-7EEA-4D09-AF6F-931E4B290403}.Release|ARM.ActiveCfg = Release|ARM
		{ECF9AA7F-7EEA-4D09-AF6F-931E4B290403}.Release|ARM.Build.0 = Release|ARM
		{ECF9AA7F-7EEA-4D09-AF6F-931E4B290403}.Release|ARM.Deploy.0 = Release|ARM
		{ECF9AA7F-7EEA-4D09-AF6F-931E4B290403}.Release|iPhone.ActiveCfg = Release|Any CPU
		{ECF9AA7F-7EEA-4D09-AF6F-931E4B290403}.Release|iPhone.Build.0 = Release|Any CPU
		{ECF9AA7F-7EEA-4D09-AF6F-931E4B290403}.Release|iPhone.Deploy.0 = Release|Any CPU
		{ECF9AA7F-7EEA-4D09-AF6F-931E4B290403}.Release|iPhoneSimulator.ActiveCfg = Release|Any CPU
		{ECF9AA7F-7EEA-4D09-AF6F-931E4B290403}.Release|iPhoneSimulator.Build.0 = Release|Any CPU
		{ECF9AA7F-7EEA-4D09-AF6F-931E4B290403}.Release|iPhoneSimulator.Deploy.0 = Release|Any CPU
		{ECF9AA7F-7EEA-4D09-AF6F-931E4B290403}.Release|x64.ActiveCfg = Release|Any CPU
		{ECF9AA7F-7EEA-4D09-AF6F-931E4B290403}.Release|x64.Build.0 = Release|Any CPU
		{ECF9AA7F-7EEA-4D09-AF6F-931E4B290403}.Release|x64.Deploy.0 = Release|Any CPU
		{ECF9AA7F-7EEA-4D09-AF6F-931E4B290403}.Release|x86.ActiveCfg = Release|x86
		{ECF9AA7F-7EEA-4D09-AF6F-931E4B290403}.Release|x86.Build.0 = Release|x86
		{ECF9AA7F-7EEA-4D09-AF6F-931E4B290403}.Release|x86.Deploy.0 = Release|x86
		{9440073E-A78A-439E-BABC-2AEC6D9ED9F6}.Ad-Hoc|Any CPU.ActiveCfg = Release|Any CPU
		{9440073E-A78A-439E-BABC-2AEC6D9ED9F6}.Ad-Hoc|Any CPU.Build.0 = Release|Any CPU
		{9440073E-A78A-439E-BABC-2AEC6D9ED9F6}.Ad-Hoc|Any CPU.Deploy.0 = Release|Any CPU
		{9440073E-A78A-439E-BABC-2AEC6D9ED9F6}.Ad-Hoc|ARM.ActiveCfg = Release|ARM
		{9440073E-A78A-439E-BABC-2AEC6D9ED9F6}.Ad-Hoc|ARM.Build.0 = Release|ARM
		{9440073E-A78A-439E-BABC-2AEC6D9ED9F6}.Ad-Hoc|ARM.Deploy.0 = Release|ARM
		{9440073E-A78A-439E-BABC-2AEC6D9ED9F6}.Ad-Hoc|iPhone.ActiveCfg = Release|Any CPU
		{9440073E-A78A-439E-BABC-2AEC6D9ED9F6}.Ad-Hoc|iPhone.Build.0 = Release|Any CPU
		{9440073E-A78A-439E-BABC-2AEC6D9ED9F6}.Ad-Hoc|iPhone.Deploy.0 = Release|Any CPU
		{9440073E-A78A-439E-BABC-2AEC6D9ED9F6}.Ad-Hoc|iPhoneSimulator.ActiveCfg = Release|Any CPU
		{9440073E-A78A-439E-BABC-2AEC6D9ED9F6}.Ad-Hoc|iPhoneSimulator.Build.0 = Release|Any CPU
		{9440073E-A78A-439E-BABC-2AEC6D9ED9F6}.Ad-Hoc|iPhoneSimulator.Deploy.0 = Release|Any CPU
		{9440073E-A78A-439E-BABC-2AEC6D9ED9F6}.Ad-Hoc|x64.ActiveCfg = Release|x64
		{9440073E-A78A-439E-BABC-2AEC6D9ED9F6}.Ad-Hoc|x64.Build.0 = Release|x64
		{9440073E-A78A-439E-BABC-2AEC6D9ED9F6}.Ad-Hoc|x64.Deploy.0 = Release|x64
		{9440073E-A78A-439E-BABC-2AEC6D9ED9F6}.Ad-Hoc|x86.ActiveCfg = Release|x86
		{9440073E-A78A-439E-BABC-2AEC6D9ED9F6}.Ad-Hoc|x86.Build.0 = Release|x86
		{9440073E-A78A-439E-BABC-2AEC6D9ED9F6}.Ad-Hoc|x86.Deploy.0 = Release|x86
		{9440073E-A78A-439E-BABC-2AEC6D9ED9F6}.AppStore|Any CPU.ActiveCfg = Release|Any CPU
		{9440073E-A78A-439E-BABC-2AEC6D9ED9F6}.AppStore|Any CPU.Build.0 = Release|Any CPU
		{9440073E-A78A-439E-BABC-2AEC6D9ED9F6}.AppStore|Any CPU.Deploy.0 = Release|Any CPU
		{9440073E-A78A-439E-BABC-2AEC6D9ED9F6}.AppStore|ARM.ActiveCfg = Release|ARM
		{9440073E-A78A-439E-BABC-2AEC6D9ED9F6}.AppStore|ARM.Build.0 = Release|ARM
		{9440073E-A78A-439E-BABC-2AEC6D9ED9F6}.AppStore|ARM.Deploy.0 = Release|ARM
		{9440073E-A78A-439E-BABC-2AEC6D9ED9F6}.AppStore|iPhone.ActiveCfg = Release|Any CPU
		{9440073E-A78A-439E-BABC-2AEC6D9ED9F6}.AppStore|iPhone.Build.0 = Release|Any CPU
		{9440073E-A78A-439E-BABC-2AEC6D9ED9F6}.AppStore|iPhone.Deploy.0 = Release|Any CPU
		{9440073E-A78A-439E-BABC-2AEC6D9ED9F6}.AppStore|iPhoneSimulator.ActiveCfg = Release|Any CPU
		{9440073E-A78A-439E-BABC-2AEC6D9ED9F6}.AppStore|iPhoneSimulator.Build.0 = Release|Any CPU
		{9440073E-A78A-439E-BABC-2AEC6D9ED9F6}.AppStore|iPhoneSimulator.Deploy.0 = Release|Any CPU
		{9440073E-A78A-439E-BABC-2AEC6D9ED9F6}.AppStore|x64.ActiveCfg = Release|x64
		{9440073E-A78A-439E-BABC-2AEC6D9ED9F6}.AppStore|x64.Build.0 = Release|x64
		{9440073E-A78A-439E-BABC-2AEC6D9ED9F6}.AppStore|x64.Deploy.0 = Release|x64
		{9440073E-A78A-439E-BABC-2AEC6D9ED9F6}.AppStore|x86.ActiveCfg = Release|x86
		{9440073E-A78A-439E-BABC-2AEC6D9ED9F6}.AppStore|x86.Build.0 = Release|x86
		{9440073E-A78A-439E-BABC-2AEC6D9ED9F6}.AppStore|x86.Deploy.0 = Release|x86
		{9440073E-A78A-439E-BABC-2AEC6D9ED9F6}.Debug|Any CPU.ActiveCfg = Debug|Any CPU
		{9440073E-A78A-439E-BABC-2AEC6D9ED9F6}.Debug|Any CPU.Build.0 = Debug|Any CPU
		{9440073E-A78A-439E-BABC-2AEC6D9ED9F6}.Debug|Any CPU.Deploy.0 = Debug|Any CPU
		{9440073E-A78A-439E-BABC-2AEC6D9ED9F6}.Debug|ARM.ActiveCfg = Debug|ARM
		{9440073E-A78A-439E-BABC-2AEC6D9ED9F6}.Debug|ARM.Build.0 = Debug|ARM
		{9440073E-A78A-439E-BABC-2AEC6D9ED9F6}.Debug|ARM.Deploy.0 = Debug|ARM
		{9440073E-A78A-439E-BABC-2AEC6D9ED9F6}.Debug|iPhone.ActiveCfg = Debug|Any CPU
		{9440073E-A78A-439E-BABC-2AEC6D9ED9F6}.Debug|iPhone.Build.0 = Debug|Any CPU
		{9440073E-A78A-439E-BABC-2AEC6D9ED9F6}.Debug|iPhone.Deploy.0 = Debug|Any CPU
		{9440073E-A78A-439E-BABC-2AEC6D9ED9F6}.Debug|iPhoneSimulator.ActiveCfg = Debug|Any CPU
		{9440073E-A78A-439E-BABC-2AEC6D9ED9F6}.Debug|iPhoneSimulator.Build.0 = Debug|Any CPU
		{9440073E-A78A-439E-BABC-2AEC6D9ED9F6}.Debug|iPhoneSimulator.Deploy.0 = Debug|Any CPU
		{9440073E-A78A-439E-BABC-2AEC6D9ED9F6}.Debug|x64.ActiveCfg = Debug|x64
		{9440073E-A78A-439E-BABC-2AEC6D9ED9F6}.Debug|x64.Build.0 = Debug|x64
		{9440073E-A78A-439E-BABC-2AEC6D9ED9F6}.Debug|x64.Deploy.0 = Debug|x64
		{9440073E-A78A-439E-BABC-2AEC6D9ED9F6}.Debug|x86.ActiveCfg = Debug|x86
		{9440073E-A78A-439E-BABC-2AEC6D9ED9F6}.Debug|x86.Build.0 = Debug|x86
		{9440073E-A78A-439E-BABC-2AEC6D9ED9F6}.Debug|x86.Deploy.0 = Debug|x86
		{9440073E-A78A-439E-BABC-2AEC6D9ED9F6}.Release|Any CPU.ActiveCfg = Release|Any CPU
		{9440073E-A78A-439E-BABC-2AEC6D9ED9F6}.Release|Any CPU.Build.0 = Release|Any CPU
		{9440073E-A78A-439E-BABC-2AEC6D9ED9F6}.Release|Any CPU.Deploy.0 = Release|Any CPU
		{9440073E-A78A-439E-BABC-2AEC6D9ED9F6}.Release|ARM.ActiveCfg = Release|ARM
		{9440073E-A78A-439E-BABC-2AEC6D9ED9F6}.Release|ARM.Build.0 = Release|ARM
		{9440073E-A78A-439E-BABC-2AEC6D9ED9F6}.Release|ARM.Deploy.0 = Release|ARM
		{9440073E-A78A-439E-BABC-2AEC6D9ED9F6}.Release|iPhone.ActiveCfg = Release|Any CPU
		{9440073E-A78A-439E-BABC-2AEC6D9ED9F6}.Release|iPhone.Build.0 = Release|Any CPU
		{9440073E-A78A-439E-BABC-2AEC6D9ED9F6}.Release|iPhone.Deploy.0 = Release|Any CPU
		{9440073E-A78A-439E-BABC-2AEC6D9ED9F6}.Release|iPhoneSimulator.ActiveCfg = Release|Any CPU
		{9440073E-A78A-439E-BABC-2AEC6D9ED9F6}.Release|iPhoneSimulator.Build.0 = Release|Any CPU
		{9440073E-A78A-439E-BABC-2AEC6D9ED9F6}.Release|iPhoneSimulator.Deploy.0 = Release|Any CPU
		{9440073E-A78A-439E-BABC-2AEC6D9ED9F6}.Release|x64.ActiveCfg = Release|x64
		{9440073E-A78A-439E-BABC-2AEC6D9ED9F6}.Release|x64.Build.0 = Release|x64
		{9440073E-A78A-439E-BABC-2AEC6D9ED9F6}.Release|x64.Deploy.0 = Release|x64
		{9440073E-A78A-439E-BABC-2AEC6D9ED9F6}.Release|x86.ActiveCfg = Release|x86
		{9440073E-A78A-439E-BABC-2AEC6D9ED9F6}.Release|x86.Build.0 = Release|x86
		{9440073E-A78A-439E-BABC-2AEC6D9ED9F6}.Release|x86.Deploy.0 = Release|x86
	EndGlobalSection
	GlobalSection(SolutionProperties) = preSolution
		HideSolutionNode = FALSE
	EndGlobalSection
EndGlobal
